
Microsoft Visual Studio Solution File, Format Version 12.00
# Visual Studio Version 16
VisualStudioVersion = 16.0.32630.194
MinimumVisualStudioVersion = 10.0.40219.1
Project("{FAE04EC0-301F-11D3-BF4B-00C04F79EFBC}") = "Mood_Analyzer_Problem", "Mood_Analyzer_Problem\Mood_Analyzer_Problem.csproj", "{D8F6B9AF-66AA-4B1D-B26B-682514C23018}"
EndProject
Project("{FAE04EC0-301F-11D3-BF4B-00C04F79EFBC}") = "Mood_Analyzer_Test", "Mood_Analyzer_Test\Mood_Analyzer_Test.csproj", "{3B0A5916-59BC-4BD1-B445-BBE81BC2F959}"
EndProject
Global
	GlobalSection(SolutionConfigurationPlatforms) = preSolution
		Debug|Any CPU = Debug|Any CPU
		Release|Any CPU = Release|Any CPU
	EndGlobalSection
	GlobalSection(ProjectConfigurationPlatforms) = postSolution
		{D8F6B9AF-66AA-4B1D-B26B-682514C23018}.Debug|Any CPU.ActiveCfg = Debug|Any CPU
		{D8F6B9AF-66AA-4B1D-B26B-682514C23018}.Debug|Any CPU.Build.0 = Debug|Any CPU
		{D8F6B9AF-66AA-4B1D-B26B-682514C23018}.Release|Any CPU.ActiveCfg = Release|Any CPU
		{D8F6B9AF-66AA-4B1D-B26B-682514C23018}.Release|Any CPU.Build.0 = Release|Any CPU
		{3B0A5916-59BC-4BD1-B445-BBE81BC2F959}.Debug|Any CPU.ActiveCfg = Debug|Any CPU
		{3B0A5916-59BC-4BD1-B445-BBE81BC2F959}.Debug|Any CPU.Build.0 = Debug|Any CPU
		{3B0A5916-59BC-4BD1-B445-BBE81BC2F959}.Release|Any CPU.ActiveCfg = Release|Any CPU
		{3B0A5916-59BC-4BD1-B445-BBE81BC2F959}.Release|Any CPU.Build.0 = Release|Any CPU
	EndGlobalSection
	GlobalSection(SolutionProperties) = preSolution
		HideSolutionNode = FALSE
	EndGlobalSection
	GlobalSection(ExtensibilityGlobals) = postSolution
		SolutionGuid = {DF5B3AEB-0731-4F5B-ACD9-C605D9CF8293}
	EndGlobalSection
EndGlobal
